
Microsoft Visual Studio Solution File, Format Version 12.00
# Visual Studio Version 16
VisualStudioVersion = 16.0.31624.102
MinimumVisualStudioVersion = 10.0.40219.1
Project("{FAE04EC0-301F-11D3-BF4B-00C04F79EFBC}") = "Logica", "Logica\Logica.csproj", "{394C0540-F1DF-4F8F-AAAB-D6E7951ABB2B}"
EndProject
Project("{FAE04EC0-301F-11D3-BF4B-00C04F79EFBC}") = "Datos", "Datos\Datos.csproj", "{4900DE47-A10F-415C-948D-85867B6C6BDC}"
EndProject
Project("{FAE04EC0-301F-11D3-BF4B-00C04F79EFBC}") = "Entidades", "Entidades\Entidades.csproj", "{449C5E43-0958-42E8-841D-615038F52D14}"
EndProject
Project("{FAE04EC0-301F-11D3-BF4B-00C04F79EFBC}") = "Consola", "Consola\Consola.csproj", "{6B483AD1-1C08-4666-94B2-F5978B9836BF}"
EndProject
Project("{FAE04EC0-301F-11D3-BF4B-00C04F79EFBC}") = "Presentacion", "Presentacion\Presentacion.csproj", "{DDACE138-B2E1-43FB-AE01-E55068E47A0C}"
EndProject
Global
	GlobalSection(SolutionConfigurationPlatforms) = preSolution
		Debug|Any CPU = Debug|Any CPU
		Release|Any CPU = Release|Any CPU
	EndGlobalSection
	GlobalSection(ProjectConfigurationPlatforms) = postSolution
		{394C0540-F1DF-4F8F-AAAB-D6E7951ABB2B}.Debug|Any CPU.ActiveCfg = Debug|Any CPU
		{394C0540-F1DF-4F8F-AAAB-D6E7951ABB2B}.Debug|Any CPU.Build.0 = Debug|Any CPU
		{394C0540-F1DF-4F8F-AAAB-D6E7951ABB2B}.Release|Any CPU.ActiveCfg = Release|Any CPU
		{394C0540-F1DF-4F8F-AAAB-D6E7951ABB2B}.Release|Any CPU.Build.0 = Release|Any CPU
		{4900DE47-A10F-415C-948D-85867B6C6BDC}.Debug|Any CPU.ActiveCfg = Debug|Any CPU
		{4900DE47-A10F-415C-948D-85867B6C6BDC}.Debug|Any CPU.Build.0 = Debug|Any CPU
		{4900DE47-A10F-415C-948D-85867B6C6BDC}.Release|Any CPU.ActiveCfg = Release|Any CPU
		{4900DE47-A10F-415C-948D-85867B6C6BDC}.Release|Any CPU.Build.0 = Release|Any CPU
		{449C5E43-0958-42E8-841D-615038F52D14}.Debug|Any CPU.ActiveCfg = Debug|Any CPU
		{449C5E43-0958-42E8-841D-615038F52D14}.Debug|Any CPU.Build.0 = Debug|Any CPU
		{449C5E43-0958-42E8-841D-615038F52D14}.Release|Any CPU.ActiveCfg = Release|Any CPU
		{449C5E43-0958-42E8-841D-615038F52D14}.Release|Any CPU.Build.0 = Release|Any CPU
		{6B483AD1-1C08-4666-94B2-F5978B9836BF}.Debug|Any CPU.ActiveCfg = Debug|Any CPU
		{6B483AD1-1C08-4666-94B2-F5978B9836BF}.Debug|Any CPU.Build.0 = Debug|Any CPU
		{6B483AD1-1C08-4666-94B2-F5978B9836BF}.Release|Any CPU.ActiveCfg = Release|Any CPU
		{6B483AD1-1C08-4666-94B2-F5978B9836BF}.Release|Any CPU.Build.0 = Release|Any CPU
		{DDACE138-B2E1-43FB-AE01-E55068E47A0C}.Debug|Any CPU.ActiveCfg = Debug|Any CPU
		{DDACE138-B2E1-43FB-AE01-E55068E47A0C}.Debug|Any CPU.Build.0 = Debug|Any CPU
		{DDACE138-B2E1-43FB-AE01-E55068E47A0C}.Release|Any CPU.ActiveCfg = Release|Any CPU
		{DDACE138-B2E1-43FB-AE01-E55068E47A0C}.Release|Any CPU.Build.0 = Release|Any CPU
	EndGlobalSection
	GlobalSection(SolutionProperties) = preSolution
		HideSolutionNode = FALSE
	EndGlobalSection
	GlobalSection(ExtensibilityGlobals) = postSolution
		SolutionGuid = {5007E212-BAF9-4E26-B2F1-AED133B53927}
	EndGlobalSection
EndGlobal
